// !$*UTF8*$!
{
	archiveVersion = 1;
	classes = {
	};
	objectVersion = 50;
	objects = {

/* Begin PBXBuildFile section */
		5475000625FF516500EB23C5 /* View+Extension.swift in Sources */ = {isa = PBXBuildFile; fileRef = 5475000525FF516500EB23C5 /* View+Extension.swift */; };
		5475000E25FF58EC00EB23C5 /* Article.swift in Sources */ = {isa = PBXBuildFile; fileRef = 5475000D25FF58EC00EB23C5 /* Article.swift */; };
		5475001325FF592400EB23C5 /* Comment.swift in Sources */ = {isa = PBXBuildFile; fileRef = 5475001225FF592400EB23C5 /* Comment.swift */; };
		5475FFA025FF0D9E00EB23C5 /* ListArticleViewModel.swift in Sources */ = {isa = PBXBuildFile; fileRef = 5475FF9F25FF0D9E00EB23C5 /* ListArticleViewModel.swift */; };
		5475FFFE25FF4EAA00EB23C5 /* Dimensions.swift in Sources */ = {isa = PBXBuildFile; fileRef = 5475FFFD25FF4EAA00EB23C5 /* Dimensions.swift */; };
		547DE0FD260DE00500EA3923 /* ArticleCellView.swift in Sources */ = {isa = PBXBuildFile; fileRef = 547DE0FC260DE00500EA3923 /* ArticleCellView.swift */; };
		54C4E6F325FB8010004A16DF /* DemoSwiftUIApp.swift in Sources */ = {isa = PBXBuildFile; fileRef = 54C4E6F225FB8010004A16DF /* DemoSwiftUIApp.swift */; };
		54C4E6F525FB8010004A16DF /* ListArticleView.swift in Sources */ = {isa = PBXBuildFile; fileRef = 54C4E6F425FB8010004A16DF /* ListArticleView.swift */; };
		54C4E6F725FB8011004A16DF /* Assets.xcassets in Resources */ = {isa = PBXBuildFile; fileRef = 54C4E6F625FB8011004A16DF /* Assets.xcassets */; };
		54C4E6FA25FB8011004A16DF /* Preview Assets.xcassets in Resources */ = {isa = PBXBuildFile; fileRef = 54C4E6F925FB8011004A16DF /* Preview Assets.xcassets */; };
		54C4E70525FB8011004A16DF /* DemoSwiftUITests.swift in Sources */ = {isa = PBXBuildFile; fileRef = 54C4E70425FB8011004A16DF /* DemoSwiftUITests.swift */; };
		54C4E71025FB8011004A16DF /* DemoSwiftUIUITests.swift in Sources */ = {isa = PBXBuildFile; fileRef = 54C4E70F25FB8011004A16DF /* DemoSwiftUIUITests.swift */; };
/* End PBXBuildFile section */

/* Begin PBXContainerItemProxy section */
		54C4E70125FB8011004A16DF /* PBXContainerItemProxy */ = {
			isa = PBXContainerItemProxy;
			containerPortal = 54C4E6E725FB8010004A16DF /* Project object */;
			proxyType = 1;
			remoteGlobalIDString = 54C4E6EE25FB8010004A16DF;
			remoteInfo = DemoSwiftUI;
		};
		54C4E70C25FB8011004A16DF /* PBXContainerItemProxy */ = {
			isa = PBXContainerItemProxy;
			containerPortal = 54C4E6E725FB8010004A16DF /* Project object */;
			proxyType = 1;
			remoteGlobalIDString = 54C4E6EE25FB8010004A16DF;
			remoteInfo = DemoSwiftUI;
		};
/* End PBXContainerItemProxy section */

/* Begin PBXFileReference section */
		5475000525FF516500EB23C5 /* View+Extension.swift */ = {isa = PBXFileReference; lastKnownFileType = sourcecode.swift; path = "View+Extension.swift"; sourceTree = "<group>"; };
		5475000D25FF58EC00EB23C5 /* Article.swift */ = {isa = PBXFileReference; lastKnownFileType = sourcecode.swift; path = Article.swift; sourceTree = "<group>"; };
		5475001225FF592400EB23C5 /* Comment.swift */ = {isa = PBXFileReference; lastKnownFileType = sourcecode.swift; path = Comment.swift; sourceTree = "<group>"; };
		5475FF9F25FF0D9E00EB23C5 /* ListArticleViewModel.swift */ = {isa = PBXFileReference; lastKnownFileType = sourcecode.swift; path = ListArticleViewModel.swift; sourceTree = "<group>"; };
		5475FFFD25FF4EAA00EB23C5 /* Dimensions.swift */ = {isa = PBXFileReference; lastKnownFileType = sourcecode.swift; path = Dimensions.swift; sourceTree = "<group>"; };
		547DE0FC260DE00500EA3923 /* ArticleCellView.swift */ = {isa = PBXFileReference; lastKnownFileType = sourcecode.swift; path = ArticleCellView.swift; sourceTree = "<group>"; };
		54C4E6EF25FB8010004A16DF /* DemoSwiftUI.app */ = {isa = PBXFileReference; explicitFileType = wrapper.application; includeInIndex = 0; path = DemoSwiftUI.app; sourceTree = BUILT_PRODUCTS_DIR; };
		54C4E6F225FB8010004A16DF /* DemoSwiftUIApp.swift */ = {isa = PBXFileReference; lastKnownFileType = sourcecode.swift; path = DemoSwiftUIApp.swift; sourceTree = "<group>"; };
		54C4E6F425FB8010004A16DF /* ListArticleView.swift */ = {isa = PBXFileReference; lastKnownFileType = sourcecode.swift; path = ListArticleView.swift; sourceTree = "<group>"; };
		54C4E6F625FB8011004A16DF /* Assets.xcassets */ = {isa = PBXFileReference; lastKnownFileType = folder.assetcatalog; path = Assets.xcassets; sourceTree = "<group>"; };
		54C4E6F925FB8011004A16DF /* Preview Assets.xcassets */ = {isa = PBXFileReference; lastKnownFileType = folder.assetcatalog; path = "Preview Assets.xcassets"; sourceTree = "<group>"; };
		54C4E6FB25FB8011004A16DF /* Info.plist */ = {isa = PBXFileReference; lastKnownFileType = text.plist.xml; path = Info.plist; sourceTree = "<group>"; };
		54C4E70025FB8011004A16DF /* DemoSwiftUITests.xctest */ = {isa = PBXFileReference; explicitFileType = wrapper.cfbundle; includeInIndex = 0; path = DemoSwiftUITests.xctest; sourceTree = BUILT_PRODUCTS_DIR; };
		54C4E70425FB8011004A16DF /* DemoSwiftUITests.swift */ = {isa = PBXFileReference; lastKnownFileType = sourcecode.swift; path = DemoSwiftUITests.swift; sourceTree = "<group>"; };
		54C4E70625FB8011004A16DF /* Info.plist */ = {isa = PBXFileReference; lastKnownFileType = text.plist.xml; path = Info.plist; sourceTree = "<group>"; };
		54C4E70B25FB8011004A16DF /* DemoSwiftUIUITests.xctest */ = {isa = PBXFileReference; explicitFileType = wrapper.cfbundle; includeInIndex = 0; path = DemoSwiftUIUITests.xctest; sourceTree = BUILT_PRODUCTS_DIR; };
		54C4E70F25FB8011004A16DF /* DemoSwiftUIUITests.swift */ = {isa = PBXFileReference; lastKnownFileType = sourcecode.swift; path = DemoSwiftUIUITests.swift; sourceTree = "<group>"; };
		54C4E71125FB8011004A16DF /* Info.plist */ = {isa = PBXFileReference; lastKnownFileType = text.plist.xml; path = Info.plist; sourceTree = "<group>"; };
/* End PBXFileReference section */

/* Begin PBXFrameworksBuildPhase section */
		54C4E6EC25FB8010004A16DF /* Frameworks */ = {
			isa = PBXFrameworksBuildPhase;
			buildActionMask = 2147483647;
			files = (
			);
			runOnlyForDeploymentPostprocessing = 0;
		};
		54C4E6FD25FB8011004A16DF /* Frameworks */ = {
			isa = PBXFrameworksBuildPhase;
			buildActionMask = 2147483647;
			files = (
			);
			runOnlyForDeploymentPostprocessing = 0;
		};
		54C4E70825FB8011004A16DF /* Frameworks */ = {
			isa = PBXFrameworksBuildPhase;
			buildActionMask = 2147483647;
			files = (
			);
			runOnlyForDeploymentPostprocessing = 0;
		};
/* End PBXFrameworksBuildPhase section */

/* Begin PBXGroup section */
		5475FFA925FF307800EB23C5 /* Application */ = {
			isa = PBXGroup;
			children = (
			);
			name = Application;
			sourceTree = "<group>";
		};
		5475FFFC25FF4E9A00EB23C5 /* Config */ = {
			isa = PBXGroup;
			children = (
				5475FFFD25FF4EAA00EB23C5 /* Dimensions.swift */,
			);
			name = Config;
			sourceTree = "<group>";
		};
		5478199225FF01C4008CC3BE /* Extensions */ = {
			isa = PBXGroup;
			children = (
				5475000525FF516500EB23C5 /* View+Extension.swift */,
			);
			name = Extensions;
			sourceTree = "<group>";
		};
		5478199325FF01DA008CC3BE /* Presentation */ = {
			isa = PBXGroup;
			children = (
				54C4E6F225FB8010004A16DF /* DemoSwiftUIApp.swift */,
				54C4E6F425FB8010004A16DF /* ListArticleView.swift */,
				5475FF9F25FF0D9E00EB23C5 /* ListArticleViewModel.swift */,
				547DE0FC260DE00500EA3923 /* ArticleCellView.swift */,
			);
			name = Presentation;
			sourceTree = "<group>";
		};
		5478199425FF01F0008CC3BE /* Model */ = {
			isa = PBXGroup;
			children = (
				5475000D25FF58EC00EB23C5 /* Article.swift */,
				5475001225FF592400EB23C5 /* Comment.swift */,
			);
			name = Model;
			sourceTree = "<group>";
		};
		5478199525FF0217008CC3BE /* Resources */ = {
			isa = PBXGroup;
			children = (
				54C4E6F625FB8011004A16DF /* Assets.xcassets */,
				54C4E6FB25FB8011004A16DF /* Info.plist */,
			);
			name = Resources;
			sourceTree = "<group>";
		};
		54C4E6E625FB8010004A16DF = {
			isa = PBXGroup;
			children = (
				54C4E6F125FB8010004A16DF /* DemoSwiftUI */,
				54C4E70325FB8011004A16DF /* DemoSwiftUITests */,
				54C4E70E25FB8011004A16DF /* DemoSwiftUIUITests */,
				54C4E6F025FB8010004A16DF /* Products */,
			);
			sourceTree = "<group>";
		};
		54C4E6F025FB8010004A16DF /* Products */ = {
			isa = PBXGroup;
			children = (
				54C4E6EF25FB8010004A16DF /* DemoSwiftUI.app */,
				54C4E70025FB8011004A16DF /* DemoSwiftUITests.xctest */,
				54C4E70B25FB8011004A16DF /* DemoSwiftUIUITests.xctest */,
			);
			name = Products;
			sourceTree = "<group>";
		};
		54C4E6F125FB8010004A16DF /* DemoSwiftUI */ = {
			isa = PBXGroup;
			children = (
				5475FFFC25FF4E9A00EB23C5 /* Config */,
				5475FFA925FF307800EB23C5 /* Application */,
				5478199525FF0217008CC3BE /* Resources */,
				5478199225FF01C4008CC3BE /* Extensions */,
				5478199425FF01F0008CC3BE /* Model */,
				5478199325FF01DA008CC3BE /* Presentation */,
				54C4E6F825FB8011004A16DF /* Preview Content */,
			);
			path = DemoSwiftUI;
			sourceTree = "<group>";
		};
		54C4E6F825FB8011004A16DF /* Preview Content */ = {
			isa = PBXGroup;
			children = (
				54C4E6F925FB8011004A16DF /* Preview Assets.xcassets */,
			);
			path = "Preview Content";
			sourceTree = "<group>";
		};
		54C4E70325FB8011004A16DF /* DemoSwiftUITests */ = {
			isa = PBXGroup;
			children = (
				54C4E70425FB8011004A16DF /* DemoSwiftUITests.swift */,
				54C4E70625FB8011004A16DF /* Info.plist */,
			);
			path = DemoSwiftUITests;
			sourceTree = "<group>";
		};
		54C4E70E25FB8011004A16DF /* DemoSwiftUIUITests */ = {
			isa = PBXGroup;
			children = (
				54C4E70F25FB8011004A16DF /* DemoSwiftUIUITests.swift */,
				54C4E71125FB8011004A16DF /* Info.plist */,
			);
			path = DemoSwiftUIUITests;
			sourceTree = "<group>";
		};
/* End PBXGroup section */

/* Begin PBXNativeTarget section */
		54C4E6EE25FB8010004A16DF /* DemoSwiftUI */ = {
			isa = PBXNativeTarget;
			buildConfigurationList = 54C4E71425FB8011004A16DF /* Build configuration list for PBXNativeTarget "DemoSwiftUI" */;
			buildPhases = (
				54C4E6EB25FB8010004A16DF /* Sources */,
				54C4E6EC25FB8010004A16DF /* Frameworks */,
				54C4E6ED25FB8010004A16DF /* Resources */,
			);
			buildRules = (
			);
			dependencies = (
			);
			name = DemoSwiftUI;
			productName = DemoSwiftUI;
			productReference = 54C4E6EF25FB8010004A16DF /* DemoSwiftUI.app */;
			productType = "com.apple.product-type.application";
		};
		54C4E6FF25FB8011004A16DF /* DemoSwiftUITests */ = {
			isa = PBXNativeTarget;
			buildConfigurationList = 54C4E71725FB8011004A16DF /* Build configuration list for PBXNativeTarget "DemoSwiftUITests" */;
			buildPhases = (
				54C4E6FC25FB8011004A16DF /* Sources */,
				54C4E6FD25FB8011004A16DF /* Frameworks */,
				54C4E6FE25FB8011004A16DF /* Resources */,
			);
			buildRules = (
			);
			dependencies = (
				54C4E70225FB8011004A16DF /* PBXTargetDependency */,
			);
			name = DemoSwiftUITests;
			productName = DemoSwiftUITests;
			productReference = 54C4E70025FB8011004A16DF /* DemoSwiftUITests.xctest */;
			productType = "com.apple.product-type.bundle.unit-test";
		};
		54C4E70A25FB8011004A16DF /* DemoSwiftUIUITests */ = {
			isa = PBXNativeTarget;
			buildConfigurationList = 54C4E71A25FB8011004A16DF /* Build configuration list for PBXNativeTarget "DemoSwiftUIUITests" */;
			buildPhases = (
				54C4E70725FB8011004A16DF /* Sources */,
				54C4E70825FB8011004A16DF /* Frameworks */,
				54C4E70925FB8011004A16DF /* Resources */,
			);
			buildRules = (
			);
			dependencies = (
				54C4E70D25FB8011004A16DF /* PBXTargetDependency */,
			);
			name = DemoSwiftUIUITests;
			productName = DemoSwiftUIUITests;
			productReference = 54C4E70B25FB8011004A16DF /* DemoSwiftUIUITests.xctest */;
			productType = "com.apple.product-type.bundle.ui-testing";
		};
/* End PBXNativeTarget section */

/* Begin PBXProject section */
		54C4E6E725FB8010004A16DF /* Project object */ = {
			isa = PBXProject;
			attributes = {
				LastSwiftUpdateCheck = 1230;
				LastUpgradeCheck = 1230;
				TargetAttributes = {
					54C4E6EE25FB8010004A16DF = {
						CreatedOnToolsVersion = 12.3;
					};
					54C4E6FF25FB8011004A16DF = {
						CreatedOnToolsVersion = 12.3;
						TestTargetID = 54C4E6EE25FB8010004A16DF;
					};
					54C4E70A25FB8011004A16DF = {
						CreatedOnToolsVersion = 12.3;
						TestTargetID = 54C4E6EE25FB8010004A16DF;
					};
				};
			};
			buildConfigurationList = 54C4E6EA25FB8010004A16DF /* Build configuration list for PBXProject "DemoSwiftUI" */;
			compatibilityVersion = "Xcode 9.3";
			developmentRegion = en;
			hasScannedForEncodings = 0;
			knownRegions = (
				en,
				Base,
			);
			mainGroup = 54C4E6E625FB8010004A16DF;
			productRefGroup = 54C4E6F025FB8010004A16DF /* Products */;
			projectDirPath = "";
			projectRoot = "";
			targets = (
				54C4E6EE25FB8010004A16DF /* DemoSwiftUI */,
				54C4E6FF25FB8011004A16DF /* DemoSwiftUITests */,
				54C4E70A25FB8011004A16DF /* DemoSwiftUIUITests */,
			);
		};
/* End PBXProject section */

/* Begin PBXResourcesBuildPhase section */
		54C4E6ED25FB8010004A16DF /* Resources */ = {
			isa = PBXResourcesBuildPhase;
			buildActionMask = 2147483647;
			files = (
				54C4E6FA25FB8011004A16DF /* Preview Assets.xcassets in Resources */,
				54C4E6F725FB8011004A16DF /* Assets.xcassets in Resources */,
			);
			runOnlyForDeploymentPostprocessing = 0;
		};
		54C4E6FE25FB8011004A16DF /* Resources */ = {
			isa = PBXResourcesBuildPhase;
			buildActionMask = 2147483647;
			files = (
			);
			runOnlyForDeploymentPostprocessing = 0;
		};
		54C4E70925FB8011004A16DF /* Resources */ = {
			isa = PBXResourcesBuildPhase;
			buildActionMask = 2147483647;
			files = (
			);
			runOnlyForDeploymentPostprocessing = 0;
		};
/* End PBXResourcesBuildPhase section */

/* Begin PBXSourcesBuildPhase section */
		54C4E6EB25FB8010004A16DF /* Sources */ = {
			isa = PBXSourcesBuildPhase;
			buildActionMask = 2147483647;
			files = (
				5475FFFE25FF4EAA00EB23C5 /* Dimensions.swift in Sources */,
				54C4E6F525FB8010004A16DF /* ListArticleView.swift in Sources */,
				5475001325FF592400EB23C5 /* Comment.swift in Sources */,
				5475000E25FF58EC00EB23C5 /* Article.swift in Sources */,
				54C4E6F325FB8010004A16DF /* DemoSwiftUIApp.swift in Sources */,
				5475000625FF516500EB23C5 /* View+Extension.swift in Sources */,
				5475FFA025FF0D9E00EB23C5 /* ListArticleViewModel.swift in Sources */,
				547DE0FD260DE00500EA3923 /* ArticleCellView.swift in Sources */,
			);
			runOnlyForDeploymentPostprocessing = 0;
		};
		54C4E6FC25FB8011004A16DF /* Sources */ = {
			isa = PBXSourcesBuildPhase;
			buildActionMask = 2147483647;
			files = (
				54C4E70525FB8011004A16DF /* DemoSwiftUITests.swift in Sources */,
			);
			runOnlyForDeploymentPostprocessing = 0;
		};
		54C4E70725FB8011004A16DF /* Sources */ = {
			isa = PBXSourcesBuildPhase;
			buildActionMask = 2147483647;
			files = (
				54C4E71025FB8011004A16DF /* DemoSwiftUIUITests.swift in Sources */,
			);
			runOnlyForDeploymentPostprocessing = 0;
		};
/* End PBXSourcesBuildPhase section */

/* Begin PBXTargetDependency section */
		54C4E70225FB8011004A16DF /* PBXTargetDependency */ = {
			isa = PBXTargetDependency;
			target = 54C4E6EE25FB8010004A16DF /* DemoSwiftUI */;
			targetProxy = 54C4E70125FB8011004A16DF /* PBXContainerItemProxy */;
		};
		54C4E70D25FB8011004A16DF /* PBXTargetDependency */ = {
			isa = PBXTargetDependency;
			target = 54C4E6EE25FB8010004A16DF /* DemoSwiftUI */;
			targetProxy = 54C4E70C25FB8011004A16DF /* PBXContainerItemProxy */;
		};
/* End PBXTargetDependency section */

/* Begin XCBuildConfiguration section */
		54C4E71225FB8011004A16DF /* Debug */ = {
			isa = XCBuildConfiguration;
			buildSettings = {
				ALWAYS_SEARCH_USER_PATHS = NO;
				CLANG_ANALYZER_NONNULL = YES;
				CLANG_ANALYZER_NUMBER_OBJECT_CONVERSION = YES_AGGRESSIVE;
				CLANG_CXX_LANGUAGE_STANDARD = "gnu++14";
				CLANG_CXX_LIBRARY = "libc++";
				CLANG_ENABLE_MODULES = YES;
				CLANG_ENABLE_OBJC_ARC = YES;
				CLANG_ENABLE_OBJC_WEAK = YES;
				CLANG_WARN_BLOCK_CAPTURE_AUTORELEASING = YES;
				CLANG_WARN_BOOL_CONVERSION = YES;
				CLANG_WARN_COMMA = YES;
				CLANG_WARN_CONSTANT_CONVERSION = YES;
				CLANG_WARN_DEPRECATED_OBJC_IMPLEMENTATIONS = YES;
				CLANG_WARN_DIRECT_OBJC_ISA_USAGE = YES_ERROR;
				CLANG_WARN_DOCUMENTATION_COMMENTS = YES;
				CLANG_WARN_EMPTY_BODY = YES;
				CLANG_WARN_ENUM_CONVERSION = YES;
				CLANG_WARN_INFINITE_RECURSION = YES;
				CLANG_WARN_INT_CONVERSION = YES;
				CLANG_WARN_NON_LITERAL_NULL_CONVERSION = YES;
				CLANG_WARN_OBJC_IMPLICIT_RETAIN_SELF = YES;
				CLANG_WARN_OBJC_LITERAL_CONVERSION = YES;
				CLANG_WARN_OBJC_ROOT_CLASS = YES_ERROR;
				CLANG_WARN_QUOTED_INCLUDE_IN_FRAMEWORK_HEADER = YES;
				CLANG_WARN_RANGE_LOOP_ANALYSIS = YES;
				CLANG_WARN_STRICT_PROTOTYPES = YES;
				CLANG_WARN_SUSPICIOUS_MOVE = YES;
				CLANG_WARN_UNGUARDED_AVAILABILITY = YES_AGGRESSIVE;
				CLANG_WARN_UNREACHABLE_CODE = YES;
				CLANG_WARN__DUPLICATE_METHOD_MATCH = YES;
				COPY_PHASE_STRIP = NO;
				DEBUG_INFORMATION_FORMAT = dwarf;
				ENABLE_STRICT_OBJC_MSGSEND = YES;
				ENABLE_TESTABILITY = YES;
				GCC_C_LANGUAGE_STANDARD = gnu11;
				GCC_DYNAMIC_NO_PIC = NO;
				GCC_NO_COMMON_BLOCKS = YES;
				GCC_OPTIMIZATION_LEVEL = 0;
				GCC_PREPROCESSOR_DEFINITIONS = (
					"DEBUG=1",
					"$(inherited)",
				);
				GCC_WARN_64_TO_32_BIT_CONVERSION = YES;
				GCC_WARN_ABOUT_RETURN_TYPE = YES_ERROR;
				GCC_WARN_UNDECLARED_SELECTOR = YES;
				GCC_WARN_UNINITIALIZED_AUTOS = YES_AGGRESSIVE;
				GCC_WARN_UNUSED_FUNCTION = YES;
				GCC_WARN_UNUSED_VARIABLE = YES;
				IPHONEOS_DEPLOYMENT_TARGET = 14.3;
				MTL_ENABLE_DEBUG_INFO = INCLUDE_SOURCE;
				MTL_FAST_MATH = YES;
				ONLY_ACTIVE_ARCH = YES;
				SDKROOT = iphoneos;
				SWIFT_ACTIVE_COMPILATION_CONDITIONS = DEBUG;
				SWIFT_OPTIMIZATION_LEVEL = "-Onone";
			};
			name = Debug;
		};
		54C4E71325FB8011004A16DF /* Release */ = {
			isa = XCBuildConfiguration;
			buildSettings = {
				ALWAYS_SEARCH_USER_PATHS = NO;
				CLANG_ANALYZER_NONNULL = YES;
				CLANG_ANALYZER_NUMBER_OBJECT_CONVERSION = YES_AGGRESSIVE;
				CLANG_CXX_LANGUAGE_STANDARD = "gnu++14";
				CLANG_CXX_LIBRARY = "libc++";
				CLANG_ENABLE_MODULES = YES;
				CLANG_ENABLE_OBJC_ARC = YES;
				CLANG_ENABLE_OBJC_WEAK = YES;
				CLANG_WARN_BLOCK_CAPTURE_AUTORELEASING = YES;
				CLANG_WARN_BOOL_CONVERSION = YES;
				CLANG_WARN_COMMA = YES;
				CLANG_WARN_CONSTANT_CONVERSION = YES;
				CLANG_WARN_DEPRECATED_OBJC_IMPLEMENTATIONS = YES;
				CLANG_WARN_DIRECT_OBJC_ISA_USAGE = YES_ERROR;
				CLANG_WARN_DOCUMENTATION_COMMENTS = YES;
				CLANG_WARN_EMPTY_BODY = YES;
				CLANG_WARN_ENUM_CONVERSION = YES;
				CLANG_WARN_INFINITE_RECURSION = YES;
				CLANG_WARN_INT_CONVERSION = YES;
				CLANG_WARN_NON_LITERAL_NULL_CONVERSION = YES;
				CLANG_WARN_OBJC_IMPLICIT_RETAIN_SELF = YES;
				CLANG_WARN_OBJC_LITERAL_CONVERSION = YES;
				CLANG_WARN_OBJC_ROOT_CLASS = YES_ERROR;
				CLANG_WARN_QUOTED_INCLUDE_IN_FRAMEWORK_HEADER = YES;
				CLANG_WARN_RANGE_LOOP_ANALYSIS = YES;
				CLANG_WARN_STRICT_PROTOTYPES = YES;
				CLANG_WARN_SUSPICIOUS_MOVE = YES;
				CLANG_WARN_UNGUARDED_AVAILABILITY = YES_AGGRESSIVE;
				CLANG_WARN_UNREACHABLE_CODE = YES;
				CLANG_WARN__DUPLICATE_METHOD_MATCH = YES;
				COPY_PHASE_STRIP = NO;
				DEBUG_INFORMATION_FORMAT = "dwarf-with-dsym";
				ENABLE_NS_ASSERTIONS = NO;
				ENABLE_STRICT_OBJC_MSGSEND = YES;
				GCC_C_LANGUAGE_STANDARD = gnu11;
				GCC_NO_COMMON_BLOCKS = YES;
				GCC_WARN_64_TO_32_BIT_CONVERSION = YES;
				GCC_WARN_ABOUT_RETURN_TYPE = YES_ERROR;
				GCC_WARN_UNDECLARED_SELECTOR = YES;
				GCC_WARN_UNINITIALIZED_AUTOS = YES_AGGRESSIVE;
				GCC_WARN_UNUSED_FUNCTION = YES;
				GCC_WARN_UNUSED_VARIABLE = YES;
				IPHONEOS_DEPLOYMENT_TARGET = 14.3;
				MTL_ENABLE_DEBUG_INFO = NO;
				MTL_FAST_MATH = YES;
				SDKROOT = iphoneos;
				SWIFT_COMPILATION_MODE = wholemodule;
				SWIFT_OPTIMIZATION_LEVEL = "-O";
				VALIDATE_PRODUCT = YES;
			};
			name = Release;
		};
		54C4E71525FB8011004A16DF /* Debug */ = {
			isa = XCBuildConfiguration;
			buildSettings = {
				ASSETCATALOG_COMPILER_APPICON_NAME = AppIcon;
				ASSETCATALOG_COMPILER_GLOBAL_ACCENT_COLOR_NAME = AccentColor;
				CODE_SIGN_STYLE = Automatic;
				DEVELOPMENT_ASSET_PATHS = "\"DemoSwiftUI/Preview Content\"";
				ENABLE_PREVIEWS = YES;
				INFOPLIST_FILE = DemoSwiftUI/Info.plist;
				IPHONEOS_DEPLOYMENT_TARGET = 14.0;
				LD_RUNPATH_SEARCH_PATHS = (
					"$(inherited)",
					"@executable_path/Frameworks",
				);
				PRODUCT_BUNDLE_IDENTIFIER = switui.DemoSwiftUI;
				PRODUCT_NAME = "$(TARGET_NAME)";
				SWIFT_VERSION = 5.0;
				TARGETED_DEVICE_FAMILY = "1,2";
			};
			name = Debug;
		};
		54C4E71625FB8011004A16DF /* Release */ = {
			isa = XCBuildConfiguration;
			buildSettings = {
				ASSETCATALOG_COMPILER_APPICON_NAME = AppIcon;
				ASSETCATALOG_COMPILER_GLOBAL_ACCENT_COLOR_NAME = AccentColor;
				CODE_SIGN_STYLE = Automatic;
				DEVELOPMENT_ASSET_PATHS = "\"DemoSwiftUI/Preview Content\"";
				ENABLE_PREVIEWS = YES;
				INFOPLIST_FILE = DemoSwiftUI/Info.plist;
				IPHONEOS_DEPLOYMENT_TARGET = 14.0;
				LD_RUNPATH_SEARCH_PATHS = (
					"$(inherited)",
					"@executable_path/Frameworks",
				);
				PRODUCT_BUNDLE_IDENTIFIER = switui.DemoSwiftUI;
				PRODUCT_NAME = "$(TARGET_NAME)";
				SWIFT_VERSION = 5.0;
				TARGETED_DEVICE_FAMILY = "1,2";
			};
			name = Release;
		};
		54C4E71825FB8011004A16DF /* Debug */ = {
			isa = XCBuildConfiguration;
			buildSettings = {
				ALWAYS_EMBED_SWIFT_STANDARD_LIBRARIES = YES;
				BUNDLE_LOADER = "$(TEST_HOST)";
				CODE_SIGN_STYLE = Automatic;
				INFOPLIST_FILE = DemoSwiftUITests/Info.plist;
				IPHONEOS_DEPLOYMENT_TARGET = 14.0;
				LD_RUNPATH_SEARCH_PATHS = (
					"$(inherited)",
					"@executable_path/Frameworks",
					"@loader_path/Frameworks",
				);
				PRODUCT_BUNDLE_IDENTIFIER = switui.DemoSwiftUITests;
				PRODUCT_NAME = "$(TARGET_NAME)";
				SWIFT_VERSION = 5.0;
				TARGETED_DEVICE_FAMILY = "1,2";
				TEST_HOST = "$(BUILT_PRODUCTS_DIR)/DemoSwiftUI.app/DemoSwiftUI";
			};
			name = Debug;
		};
		54C4E71925FB8011004A16DF /* Release */ = {
			isa = XCBuildConfiguration;
			buildSettings = {
				ALWAYS_EMBED_SWIFT_STANDARD_LIBRARIES = YES;
				BUNDLE_LOADER = "$(TEST_HOST)";
				CODE_SIGN_STYLE = Automatic;
				INFOPLIST_FILE = DemoSwiftUITests/Info.plist;
				IPHONEOS_DEPLOYMENT_TARGET = 14.0;
				LD_RUNPATH_SEARCH_PATHS = (
					"$(inherited)",
					"@executable_path/Frameworks",
					"@loader_path/Frameworks",
				);
				PRODUCT_BUNDLE_IDENTIFIER = switui.DemoSwiftUITests;
				PRODUCT_NAME = "$(TARGET_NAME)";
				SWIFT_VERSION = 5.0;
				TARGETED_DEVICE_FAMILY = "1,2";
				TEST_HOST = "$(BUILT_PRODUCTS_DIR)/DemoSwiftUI.app/DemoSwiftUI";
			};
			name = Release;
		};
		54C4E71B25FB8011004A16DF /* Debug */ = {
			isa = XCBuildConfiguration;
			buildSettings = {
				ALWAYS_EMBED_SWIFT_STANDARD_LIBRARIES = YES;
				CODE_SIGN_STYLE = Automatic;
				INFOPLIST_FILE = DemoSwiftUIUITests/Info.plist;
				LD_RUNPATH_SEARCH_PATHS = (
					"$(inherited)",
					"@executable_path/Frameworks",
					"@loader_path/Frameworks",
				);
				PRODUCT_BUNDLE_IDENTIFIER = switui.DemoSwiftUIUITests;
				PRODUCT_NAME = "$(TARGET_NAME)";
				SWIFT_VERSION = 5.0;
				TARGETED_DEVICE_FAMILY = "1,2";
				TEST_TARGET_NAME = DemoSwiftUI;
			};
			name = Debug;
		};
		54C4E71C25FB8011004A16DF /* Release */ = {
			isa = XCBuildConfiguration;
			buildSettings = {
				ALWAYS_EMBED_SWIFT_STANDARD_LIBRARIES = YES;
				CODE_SIGN_STYLE = Automatic;
				INFOPLIST_FILE = DemoSwiftUIUITests/Info.plist;
				LD_RUNPATH_SEARCH_PATHS = (
					"$(inherited)",
					"@executable_path/Frameworks",
					"@loader_path/Frameworks",
				);
				PRODUCT_BUNDLE_IDENTIFIER = switui.DemoSwiftUIUITests;
				PRODUCT_NAME = "$(TARGET_NAME)";
				SWIFT_VERSION = 5.0;
				TARGETED_DEVICE_FAMILY = "1,2";
				TEST_TARGET_NAME = DemoSwiftUI;
			};
			name = Release;
		};
/* End XCBuildConfiguration section */

/* Begin XCConfigurationList section */
		54C4E6EA25FB8010004A16DF /* Build configuration list for PBXProject "DemoSwiftUI" */ = {
			isa = XCConfigurationList;
			buildConfigurations = (
				54C4E71225FB8011004A16DF /* Debug */,
				54C4E71325FB8011004A16DF /* Release */,
			);
			defaultConfigurationIsVisible = 0;
			defaultConfigurationName = Release;
		};
		54C4E71425FB8011004A16DF /* Build configuration list for PBXNativeTarget "DemoSwiftUI" */ = {
			isa = XCConfigurationList;
			buildConfigurations = (
				54C4E71525FB8011004A16DF /* Debug */,
				54C4E71625FB8011004A16DF /* Release */,
			);
			defaultConfigurationIsVisible = 0;
			defaultConfigurationName = Release;
		};
		54C4E71725FB8011004A16DF /* Build configuration list for PBXNativeTarget "DemoSwiftUITests" */ = {
			isa = XCConfigurationList;
			buildConfigurations = (
				54C4E71825FB8011004A16DF /* Debug */,
				54C4E71925FB8011004A16DF /* Release */,
			);
			defaultConfigurationIsVisible = 0;
			defaultConfigurationName = Release;
		};
		54C4E71A25FB8011004A16DF /* Build configuration list for PBXNativeTarget "DemoSwiftUIUITests" */ = {
			isa = XCConfigurationList;
			buildConfigurations = (
				54C4E71B25FB8011004A16DF /* Debug */,
				54C4E71C25FB8011004A16DF /* Release */,
			);
			defaultConfigurationIsVisible = 0;
			defaultConfigurationName = Release;
		};
/* End XCConfigurationList section */
	};
	rootObject = 54C4E6E725FB8010004A16DF /* Project object */;
}
